
Microsoft Visual Studio Solution File, Format Version 12.00
# Visual Studio 2012
Project("{FAE04EC0-301F-11D3-BF4B-00C04F79EFBC}") = "XiOSStoryBoard", "XiOSStoryBoard\XiOSStoryBoard.csproj", "{D6361182-ABA4-4E2F-8133-6E4D6E015C39}"
EndProject
Global
	GlobalSection(SolutionConfigurationPlatforms) = preSolution
		Debug|iPhoneSimulator = Debug|iPhoneSimulator
		Release|iPhone = Release|iPhone
		Release|iPhoneSimulator = Release|iPhoneSimulator
		Debug|iPhone = Debug|iPhone
	EndGlobalSection
	GlobalSection(ProjectConfigurationPlatforms) = postSolution
		{D6361182-ABA4-4E2F-8133-6E4D6E015C39}.Debug|iPhoneSimulator.ActiveCfg = Debug|iPhoneSimulator
		{D6361182-ABA4-4E2F-8133-6E4D6E015C39}.Debug|iPhoneSimulator.Build.0 = Debug|iPhoneSimulator
		{D6361182-ABA4-4E2F-8133-6E4D6E015C39}.Release|iPhone.ActiveCfg = Release|iPhone
		{D6361182-ABA4-4E2F-8133-6E4D6E015C39}.Release|iPhone.Build.0 = Release|iPhone
		{D6361182-ABA4-4E2F-8133-6E4D6E015C39}.Release|iPhoneSimulator.ActiveCfg = Release|iPhoneSimulator
		{D6361182-ABA4-4E2F-8133-6E4D6E015C39}.Release|iPhoneSimulator.Build.0 = Release|iPhoneSimulator
		{D6361182-ABA4-4E2F-8133-6E4D6E015C39}.Debug|iPhone.ActiveCfg = Debug|iPhone
		{D6361182-ABA4-4E2F-8133-6E4D6E015C39}.Debug|iPhone.Build.0 = Debug|iPhone
	EndGlobalSection
EndGlobal
